
Microsoft Visual Studio Solution File, Format Version 12.00
# Visual Studio 15
VisualStudioVersion = 15.0.26228.4
MinimumVisualStudioVersion = 10.0.40219.1
Project("{2150E333-8FDC-42A3-9474-1A3956D46DE8}") = ".sln", ".sln", "{CC408C3F-1C0B-498C-A043-DF8DD3F7FDE8}"
EndProject
Project("{9A19103F-16F7-4668-BE54-9A1E7A4F7556}") = "Confifu.Abstractions.Logging", "src\app\Confifu.Abstractions.Logging\Confifu.Abstractions.Logging.csproj", "{F6115BD2-5BAF-4AFA-A55D-64EFCB7FA5B1}"
EndProject
Project("{9A19103F-16F7-4668-BE54-9A1E7A4F7556}") = "Confifu.Logging.Microsoft", "src\app\Confifu.Logging.Microsoft\Confifu.Logging.Microsoft.csproj", "{C20C8AFB-CEBA-4637-9311-97B4DD0B7608}"
EndProject
Global
	GlobalSection(SolutionConfigurationPlatforms) = preSolution
		Debug|Any CPU = Debug|Any CPU
		Release|Any CPU = Release|Any CPU
	EndGlobalSection
	GlobalSection(ProjectConfigurationPlatforms) = postSolution
		{F6115BD2-5BAF-4AFA-A55D-64EFCB7FA5B1}.Debug|Any CPU.ActiveCfg = Debug|Any CPU
		{F6115BD2-5BAF-4AFA-A55D-64EFCB7FA5B1}.Debug|Any CPU.Build.0 = Debug|Any CPU
		{F6115BD2-5BAF-4AFA-A55D-64EFCB7FA5B1}.Release|Any CPU.ActiveCfg = Release|Any CPU
		{F6115BD2-5BAF-4AFA-A55D-64EFCB7FA5B1}.Release|Any CPU.Build.0 = Release|Any CPU
		{C20C8AFB-CEBA-4637-9311-97B4DD0B7608}.Debug|Any CPU.ActiveCfg = Debug|Any CPU
		{C20C8AFB-CEBA-4637-9311-97B4DD0B7608}.Debug|Any CPU.Build.0 = Debug|Any CPU
		{C20C8AFB-CEBA-4637-9311-97B4DD0B7608}.Release|Any CPU.ActiveCfg = Release|Any CPU
		{C20C8AFB-CEBA-4637-9311-97B4DD0B7608}.Release|Any CPU.Build.0 = Release|Any CPU
	EndGlobalSection
	GlobalSection(SolutionProperties) = preSolution
		HideSolutionNode = FALSE
	EndGlobalSection
	GlobalSection(ExtensibilityGlobals) = postSolution
		SolutionGuid = {662D8CB4-5959-45B8-8D21-55847F94E83D}
	EndGlobalSection
EndGlobal
